// !$*UTF8*$!
{
 archiveVersion = 1;
 classes = {};
 objectVersion = 56;
 objects = {

/* Begin PBXBuildFile section */
		AA0000000000000000000001 /* CardlyApp.swift in Sources */ = {isa = PBXBuildFile; fileRef = BB0000000000000000000001 /* CardlyApp.swift */; };
		AA0000000000000000000002 /* Models.swift in Sources */ = {isa = PBXBuildFile; fileRef = BB0000000000000000000002 /* Models.swift */; };
		AA0000000000000000000003 /* CardStore.swift in Sources */ = {isa = PBXBuildFile; fileRef = BB0000000000000000000003 /* CardStore.swift */; };
		AA0000000000000000000004 /* DesignSystem.swift in Sources */ = {isa = PBXBuildFile; fileRef = BB0000000000000000000004 /* DesignSystem.swift */; };
		AA0000000000000000000005 /* RootView.swift in Sources */ = {isa = PBXBuildFile; fileRef = BB0000000000000000000005 /* RootView.swift */; };
		AA0000000000000000000006 /* HomeView.swift in Sources */ = {isa = PBXBuildFile; fileRef = BB0000000000000000000006 /* HomeView.swift */; };
		AA0000000000000000000007 /* BarcodeView.swift in Sources */ = {isa = PBXBuildFile; fileRef = BB0000000000000000000007 /* BarcodeView.swift */; };
		AA0000000000000000000008 /* ScannerView.swift in Sources */ = {isa = PBXBuildFile; fileRef = BB0000000000000000000008 /* ScannerView.swift */; };
		AA0000000000000000000009 /* AddEditCardView.swift in Sources */ = {isa = PBXBuildFile; fileRef = BB0000000000000000000009 /* AddEditCardView.swift */; };
		AA000000000000000000000A /* CardDetailView.swift in Sources */ = {isa = PBXBuildFile; fileRef = BB000000000000000000000A /* CardDetailView.swift */; };
		AA000000000000000000000B /* FavoritesView.swift in Sources */ = {isa = PBXBuildFile; fileRef = BB000000000000000000000B /* FavoritesView.swift */; };
		AA000000000000000000000C /* SettingsView.swift in Sources */ = {isa = PBXBuildFile; fileRef = BB000000000000000000000C /* SettingsView.swift */; };
		AA000000000000000000000D /* LockGateView.swift in Sources */ = {isa = PBXBuildFile; fileRef = BB000000000000000000000D /* LockGateView.swift */; };
        AAFFFFFFFFFFFFFFFFFFFF01 /* Assets.xcassets in Resources */ = {isa = PBXBuildFile; fileRef = BBFFFFFFFFFFFFFFFFFFFF01 /* Assets.xcassets */; };
/* End PBXBuildFile section */

/* Begin PBXFileReference section */
		BB0000000000000000000001 /* CardlyApp.swift */ = {isa = PBXFileReference; lastKnownFileType = sourcecode.swift; path = CardlyApp.swift; sourceTree = "<group>"; };
		BB0000000000000000000002 /* Models.swift */ = {isa = PBXFileReference; lastKnownFileType = sourcecode.swift; path = Models.swift; sourceTree = "<group>"; };
		BB0000000000000000000003 /* CardStore.swift */ = {isa = PBXFileReference; lastKnownFileType = sourcecode.swift; path = CardStore.swift; sourceTree = "<group>"; };
		BB0000000000000000000004 /* DesignSystem.swift */ = {isa = PBXFileReference; lastKnownFileType = sourcecode.swift; path = DesignSystem.swift; sourceTree = "<group>"; };
		BB0000000000000000000005 /* RootView.swift */ = {isa = PBXFileReference; lastKnownFileType = sourcecode.swift; path = RootView.swift; sourceTree = "<group>"; };
		BB0000000000000000000006 /* HomeView.swift */ = {isa = PBXFileReference; lastKnownFileType = sourcecode.swift; path = HomeView.swift; sourceTree = "<group>"; };
		BB0000000000000000000007 /* BarcodeView.swift */ = {isa = PBXFileReference; lastKnownFileType = sourcecode.swift; path = BarcodeView.swift; sourceTree = "<group>"; };
		BB0000000000000000000008 /* ScannerView.swift */ = {isa = PBXFileReference; lastKnownFileType = sourcecode.swift; path = ScannerView.swift; sourceTree = "<group>"; };
		BB0000000000000000000009 /* AddEditCardView.swift */ = {isa = PBXFileReference; lastKnownFileType = sourcecode.swift; path = AddEditCardView.swift; sourceTree = "<group>"; };
		BB000000000000000000000A /* CardDetailView.swift */ = {isa = PBXFileReference; lastKnownFileType = sourcecode.swift; path = CardDetailView.swift; sourceTree = "<group>"; };
		BB000000000000000000000B /* FavoritesView.swift */ = {isa = PBXFileReference; lastKnownFileType = sourcecode.swift; path = FavoritesView.swift; sourceTree = "<group>"; };
		BB000000000000000000000C /* SettingsView.swift */ = {isa = PBXFileReference; lastKnownFileType = sourcecode.swift; path = SettingsView.swift; sourceTree = "<group>"; };
		BB000000000000000000000D /* LockGateView.swift */ = {isa = PBXFileReference; lastKnownFileType = sourcecode.swift; path = LockGateView.swift; sourceTree = "<group>"; };
        BBFFFFFFFFFFFFFFFFFFFF01 /* Assets.xcassets */ = {isa = PBXFileReference; lastKnownFileType = folder.assetcatalog; path = Assets.xcassets; sourceTree = "<group>"; };
        BBFFFFFFFFFFFFFFFFFFFF02 /* Cardly.app */ = {isa = PBXFileReference; explicitFileType = wrapper.application; path = Cardly.app; sourceTree = BUILT_PRODUCTS_DIR; };
/* End PBXFileReference section */

/* Begin PBXFrameworksBuildPhase section */
        CC0000000000000000000001 /* Frameworks */ = {isa = PBXFrameworksBuildPhase; buildActionMask = 2147483647; files = (); runOnlyForDeploymentPostprocessing = 0; };
/* End PBXFrameworksBuildPhase section */

/* Begin PBXGroup section */
        DD0000000000000000000001 = {
            isa = PBXGroup;
            children = (DD0000000000000000000002 /* Cardly */, DD0000000000000000000003 /* Products */);
            sourceTree = "<group>";
        };
        DD0000000000000000000002 /* Cardly */ = {
            isa = PBXGroup;
            path = Cardly;
            sourceTree = "<group>";
            children = (BB0000000000000000000001 /* CardlyApp.swift */, BB0000000000000000000002 /* Models.swift */, BB0000000000000000000003 /* CardStore.swift */, BB0000000000000000000004 /* DesignSystem.swift */, BB0000000000000000000005 /* RootView.swift */, BB0000000000000000000006 /* HomeView.swift */, BB0000000000000000000007 /* BarcodeView.swift */, BB0000000000000000000008 /* ScannerView.swift */, BB0000000000000000000009 /* AddEditCardView.swift */, BB000000000000000000000A /* CardDetailView.swift */, BB000000000000000000000B /* FavoritesView.swift */, BB000000000000000000000C /* SettingsView.swift */, BB000000000000000000000D /* LockGateView.swift */, BBFFFFFFFFFFFFFFFFFFFF01 /* Assets.xcassets */);
        };
        DD0000000000000000000003 /* Products */ = {
            isa = PBXGroup;
            children = (BBFFFFFFFFFFFFFFFFFFFF02 /* Cardly.app */);
            name = Products;
            sourceTree = "<group>";
        };
/* End PBXGroup section */

/* Begin PBXNativeTarget section */
        EE0000000000000000000001 /* Cardly */ = {
            isa = PBXNativeTarget;
            buildConfigurationList = FF0000000000000000000002;
            buildPhases = (CC0000000000000000000002 /* Sources */, CC0000000000000000000001 /* Frameworks */, CC0000000000000000000003 /* Resources */);
            buildRules = ();
            dependencies = ();
            name = Cardly;
            productName = Cardly;
            productReference = BBFFFFFFFFFFFFFFFFFFFF02 /* Cardly.app */;
            productType = "com.apple.product-type.application";
        };
/* End PBXNativeTarget section */

/* Begin PBXProject section */
        EE0000000000000000000002 /* Project object */ = {
            isa = PBXProject;
            attributes = {BuildIndependentTargetsInParallel = 1; LastSwiftUpdateCheck = 1600; LastUpgradeCheck = 1600;};
            buildConfigurationList = FF0000000000000000000001;
            compatibilityVersion = "Xcode 14.0";
            developmentRegion = it;
            knownRegions = (it, Base);
            mainGroup = DD0000000000000000000001;
            productRefGroup = DD0000000000000000000003;
            projectDirPath = "";
            projectRoot = "";
            targets = (EE0000000000000000000001 /* Cardly */);
        };
/* End PBXProject section */

/* Begin PBXResourcesBuildPhase section */
        CC0000000000000000000003 /* Resources */ = {
            isa = PBXResourcesBuildPhase;
            buildActionMask = 2147483647;
            files = (AAFFFFFFFFFFFFFFFFFFFF01 /* Assets.xcassets in Resources */);
            runOnlyForDeploymentPostprocessing = 0;
        };
/* End PBXResourcesBuildPhase section */

/* Begin PBXSourcesBuildPhase section */
        CC0000000000000000000002 /* Sources */ = {
            isa = PBXSourcesBuildPhase;
            buildActionMask = 2147483647;
            files = (AA0000000000000000000001 /* CardlyApp.swift in Sources */, AA0000000000000000000002 /* Models.swift in Sources */, AA0000000000000000000003 /* CardStore.swift in Sources */, AA0000000000000000000004 /* DesignSystem.swift in Sources */, AA0000000000000000000005 /* RootView.swift in Sources */, AA0000000000000000000006 /* HomeView.swift in Sources */, AA0000000000000000000007 /* BarcodeView.swift in Sources */, AA0000000000000000000008 /* ScannerView.swift in Sources */, AA0000000000000000000009 /* AddEditCardView.swift in Sources */, AA000000000000000000000A /* CardDetailView.swift in Sources */, AA000000000000000000000B /* FavoritesView.swift in Sources */, AA000000000000000000000C /* SettingsView.swift in Sources */, AA000000000000000000000D /* LockGateView.swift in Sources */);
            runOnlyForDeploymentPostprocessing = 0;
        };
/* End PBXSourcesBuildPhase section */

/* Begin XCBuildConfiguration section */
        GG0000000000000000000001 /* Debug */ = {isa = XCBuildConfiguration; buildSettings = {CLANG_ENABLE_MODULES = YES; SWIFT_VERSION = 5.0;}; name = Debug;};
        GG0000000000000000000002 /* Release */ = {isa = XCBuildConfiguration; buildSettings = {CLANG_ENABLE_MODULES = YES; SWIFT_VERSION = 5.0;}; name = Release;};
        GG0000000000000000000003 /* Debug */ = {
            isa = XCBuildConfiguration;
            buildSettings = {
                ASSETCATALOG_COMPILER_APPICON_NAME = AppIcon;
                ASSETCATALOG_COMPILER_GLOBAL_ACCENT_COLOR_NAME = AccentColor;
                CODE_SIGN_STYLE = Automatic;
                CURRENT_PROJECT_VERSION = 4;
                DEVELOPMENT_TEAM = "";
                GENERATE_INFOPLIST_FILE = YES;
                INFOPLIST_KEY_CFBundleDisplayName = Cardly;
                INFOPLIST_KEY_CFBundleDevelopmentRegion = it;
                INFOPLIST_KEY_NSCameraUsageDescription = "Cardly usa la fotocamera per scansionare i codici delle tue carte fedeltà.";
                INFOPLIST_KEY_NSFaceIDUsageDescription = "Cardly usa Face ID per proteggere le tue tessere.";
                INFOPLIST_KEY_UILaunchScreen_Generation = YES;
                IPHONEOS_DEPLOYMENT_TARGET = 17.0;
                MARKETING_VERSION = 1.0;
                PRODUCT_BUNDLE_IDENTIFIER = com.cardlynew.app;
                PRODUCT_NAME = "$(TARGET_NAME)";
                SDKROOT = iphoneos;
                SUPPORTED_PLATFORMS = "iphoneos iphonesimulator";
                SUPPORTS_MACCATALYST = NO;
                SWIFT_EMIT_LOC_STRINGS = YES;
                SWIFT_VERSION = 5.0;
                TARGETED_DEVICE_FAMILY = 1;
            };
            name = Debug;
        };
        GG0000000000000000000004 /* Release */ = {
            isa = XCBuildConfiguration;
            buildSettings = {
                ASSETCATALOG_COMPILER_APPICON_NAME = AppIcon;
                ASSETCATALOG_COMPILER_GLOBAL_ACCENT_COLOR_NAME = AccentColor;
                CODE_SIGN_STYLE = Automatic;
                CURRENT_PROJECT_VERSION = 4;
                DEVELOPMENT_TEAM = "";
                GENERATE_INFOPLIST_FILE = YES;
                INFOPLIST_KEY_CFBundleDisplayName = Cardly;
                INFOPLIST_KEY_CFBundleDevelopmentRegion = it;
                INFOPLIST_KEY_NSCameraUsageDescription = "Cardly usa la fotocamera per scansionare i codici delle tue carte fedeltà.";
                INFOPLIST_KEY_NSFaceIDUsageDescription = "Cardly usa Face ID per proteggere le tue tessere.";
                INFOPLIST_KEY_UILaunchScreen_Generation = YES;
                IPHONEOS_DEPLOYMENT_TARGET = 17.0;
                MARKETING_VERSION = 1.0;
                PRODUCT_BUNDLE_IDENTIFIER = com.cardlynew.app;
                PRODUCT_NAME = "$(TARGET_NAME)";
                SDKROOT = iphoneos;
                SUPPORTED_PLATFORMS = "iphoneos iphonesimulator";
                SUPPORTS_MACCATALYST = NO;
                SWIFT_EMIT_LOC_STRINGS = YES;
                SWIFT_VERSION = 5.0;
                TARGETED_DEVICE_FAMILY = 1;
            };
            name = Release;
        };
/* End XCBuildConfiguration section */

/* Begin XCConfigurationList section */
        FF0000000000000000000001 = {isa = XCConfigurationList; buildConfigurations = (GG0000000000000000000001, GG0000000000000000000002); defaultConfigurationIsVisible = 0; defaultConfigurationName = Release;};
        FF0000000000000000000002 = {isa = XCConfigurationList; buildConfigurations = (GG0000000000000000000003, GG0000000000000000000004); defaultConfigurationIsVisible = 0; defaultConfigurationName = Release;};
/* End XCConfigurationList section */
 };
 rootObject = EE0000000000000000000002;
}
